
Microsoft Visual Studio Solution File, Format Version 12.00
# Visual Studio 15
VisualStudioVersion = 15.0.28307.960
MinimumVisualStudioVersion = 10.0.40219.1
Project("{F184B08F-C81C-45F6-A57F-5ABD9991F28F}") = "CARS", "CARS\CARS.vbproj", "{379059FC-5A9E-4E5F-8856-9D0107FA0740}"
EndProject
Project("{2150E333-8FDC-42A3-9474-1A3956D46DE8}") = "CARS.CoreLibrary", "CARS.CoreLibrary", "{E1C93126-B301-444F-8EC4-FE66D2F34E1D}"
EndProject
Project("{F184B08F-C81C-45F6-A57F-5ABD9991F28F}") = "CARS.CoreLibrary", "CARS.CoreLibrary\CARS.CoreLibrary.vbproj", "{470D424F-6A59-46E2-8E61-F9D4367A9F59}"
EndProject
Project("{2150E333-8FDC-42A3-9474-1A3956D46DE8}") = "Solution Items", "Solution Items", "{F4D6B212-9BDB-4F74-A38F-D73D864A924E}"
	ProjectSection(SolutionItems) = preProject
		.editorconfig = .editorconfig
	EndProjectSection
EndProject
Global
	GlobalSection(SolutionConfigurationPlatforms) = preSolution
		Debug|Any CPU = Debug|Any CPU
		Debug|x64 = Debug|x64
		Debug|x86 = Debug|x86
		Release|Any CPU = Release|Any CPU
		Release|x64 = Release|x64
		Release|x86 = Release|x86
	EndGlobalSection
	GlobalSection(ProjectConfigurationPlatforms) = postSolution
		{379059FC-5A9E-4E5F-8856-9D0107FA0740}.Debug|Any CPU.ActiveCfg = Debug|Any CPU
		{379059FC-5A9E-4E5F-8856-9D0107FA0740}.Debug|Any CPU.Build.0 = Debug|Any CPU
		{379059FC-5A9E-4E5F-8856-9D0107FA0740}.Debug|x64.ActiveCfg = Debug|x64
		{379059FC-5A9E-4E5F-8856-9D0107FA0740}.Debug|x64.Build.0 = Debug|x64
		{379059FC-5A9E-4E5F-8856-9D0107FA0740}.Debug|x86.ActiveCfg = Debug|x86
		{379059FC-5A9E-4E5F-8856-9D0107FA0740}.Debug|x86.Build.0 = Debug|x86
		{379059FC-5A9E-4E5F-8856-9D0107FA0740}.Release|Any CPU.ActiveCfg = Release|Any CPU
		{379059FC-5A9E-4E5F-8856-9D0107FA0740}.Release|Any CPU.Build.0 = Release|Any CPU
		{379059FC-5A9E-4E5F-8856-9D0107FA0740}.Release|x64.ActiveCfg = Release|x64
		{379059FC-5A9E-4E5F-8856-9D0107FA0740}.Release|x64.Build.0 = Release|x64
		{379059FC-5A9E-4E5F-8856-9D0107FA0740}.Release|x86.ActiveCfg = Release|x86
		{379059FC-5A9E-4E5F-8856-9D0107FA0740}.Release|x86.Build.0 = Release|x86
		{470D424F-6A59-46E2-8E61-F9D4367A9F59}.Debug|Any CPU.ActiveCfg = Debug|Any CPU
		{470D424F-6A59-46E2-8E61-F9D4367A9F59}.Debug|Any CPU.Build.0 = Debug|Any CPU
		{470D424F-6A59-46E2-8E61-F9D4367A9F59}.Debug|x64.ActiveCfg = Debug|Any CPU
		{470D424F-6A59-46E2-8E61-F9D4367A9F59}.Debug|x64.Build.0 = Debug|Any CPU
		{470D424F-6A59-46E2-8E61-F9D4367A9F59}.Debug|x86.ActiveCfg = Debug|Any CPU
		{470D424F-6A59-46E2-8E61-F9D4367A9F59}.Debug|x86.Build.0 = Debug|Any CPU
		{470D424F-6A59-46E2-8E61-F9D4367A9F59}.Release|Any CPU.ActiveCfg = Release|Any CPU
		{470D424F-6A59-46E2-8E61-F9D4367A9F59}.Release|Any CPU.Build.0 = Release|Any CPU
		{470D424F-6A59-46E2-8E61-F9D4367A9F59}.Release|x64.ActiveCfg = Release|Any CPU
		{470D424F-6A59-46E2-8E61-F9D4367A9F59}.Release|x64.Build.0 = Release|Any CPU
		{470D424F-6A59-46E2-8E61-F9D4367A9F59}.Release|x86.ActiveCfg = Release|Any CPU
		{470D424F-6A59-46E2-8E61-F9D4367A9F59}.Release|x86.Build.0 = Release|Any CPU
	EndGlobalSection
	GlobalSection(SolutionProperties) = preSolution
		HideSolutionNode = FALSE
	EndGlobalSection
	GlobalSection(NestedProjects) = preSolution
		{470D424F-6A59-46E2-8E61-F9D4367A9F59} = {E1C93126-B301-444F-8EC4-FE66D2F34E1D}
	EndGlobalSection
	GlobalSection(ExtensibilityGlobals) = postSolution
		SolutionGuid = {301E9863-FB00-4A3F-A91B-1B72A3F4F0BF}
		EnterpriseLibraryConfigurationToolBinariesPathV6 = packages\EnterpriseLibrary.Common.6.0.1304.0\lib\NET45;packages\EnterpriseLibrary.Data.6.0.1304.0\lib\NET45
	EndGlobalSection
EndGlobal
