{
  "name": "asp.net",
  "version": "1.0.0",
  "lockfileVersion": 1,
  "requires": true,
  "dependencies": {
    "bower": {
      "version": "1.7.9",
      "resolved": "https://registry.npmjs.org/bower/-/bower-1.7.9.tgz",
      "integrity": "sha1-tylsI5Pg117apso5ZIEy3SVYErA=",
      "dev": true
    },
    "jquery.tabulator": {
      "version": "3.5.3",
      "resolved": "https://registry.npmjs.org/jquery.tabulator/-/jquery.tabulator-3.5.3.tgz",
      "integrity": "sha1-+bk2ON7SJaeJNt45hozpNKJgRRY="
    }
  }
}
